
Microsoft Visual Studio Solution File, Format Version 12.00
# Visual Studio Version 16
VisualStudioVersion = 16.0.31729.503
MinimumVisualStudioVersion = 10.0.40219.1
Project("{FAE04EC0-301F-11D3-BF4B-00C04F79EFBC}") = "Romina.Celis.prog", "Romina.Celis.prog.csproj", "{EB6A4699-2C32-475A-85DB-F5ADF776512F}"
EndProject
Global
	GlobalSection(SolutionConfigurationPlatforms) = preSolution
		Debug|Any CPU = Debug|Any CPU
		Release|Any CPU = Release|Any CPU
	EndGlobalSection
	GlobalSection(ProjectConfigurationPlatforms) = postSolution
		{EB6A4699-2C32-475A-85DB-F5ADF776512F}.Debug|Any CPU.ActiveCfg = Debug|Any CPU
		{EB6A4699-2C32-475A-85DB-F5ADF776512F}.Debug|Any CPU.Build.0 = Debug|Any CPU
		{EB6A4699-2C32-475A-85DB-F5ADF776512F}.Release|Any CPU.ActiveCfg = Release|Any CPU
		{EB6A4699-2C32-475A-85DB-F5ADF776512F}.Release|Any CPU.Build.0 = Release|Any CPU
	EndGlobalSection
	GlobalSection(SolutionProperties) = preSolution
		HideSolutionNode = FALSE
	EndGlobalSection
	GlobalSection(ExtensibilityGlobals) = postSolution
		SolutionGuid = {990274A8-8334-40B9-86AE-E8D0DEE2CB86}
	EndGlobalSection
EndGlobal
